
Microsoft Visual Studio Solution File, Format Version 12.00
# Visual Studio 15
VisualStudioVersion = 15.0.27004.2009
MinimumVisualStudioVersion = 10.0.40219.1
Project("{8BC9CEB8-8B4A-11D0-8D11-00A0C91BC942}") = "11DV433.S3.L12_LottoRows", "11DV433.S3.L12_LottoRows\11DV433.S3.L12_LottoRows.vcxproj", "{3769963E-F551-4E01-A58D-42C459300F98}"
EndProject
Project("{8BC9CEB8-8B4A-11D0-8D11-00A0C91BC942}") = "Test.11DV433.S3.L12_LottoRows", "Test.11DV433.S3.L12_LottoRows\Test.11DV433.S3.L12_LottoRows.vcxproj", "{A15BB6EF-DDE4-4592-A74B-B7047E94D488}"
	ProjectSection(ProjectDependencies) = postProject
		{3769963E-F551-4E01-A58D-42C459300F98} = {3769963E-F551-4E01-A58D-42C459300F98}
	EndProjectSection
EndProject
Global
	GlobalSection(SolutionConfigurationPlatforms) = preSolution
		Debug|x64 = Debug|x64
		Debug|x86 = Debug|x86
		Release|x64 = Release|x64
		Release|x86 = Release|x86
	EndGlobalSection
	GlobalSection(ProjectConfigurationPlatforms) = postSolution
		{3769963E-F551-4E01-A58D-42C459300F98}.Debug|x64.ActiveCfg = Debug|x64
		{3769963E-F551-4E01-A58D-42C459300F98}.Debug|x64.Build.0 = Debug|x64
		{3769963E-F551-4E01-A58D-42C459300F98}.Debug|x86.ActiveCfg = Debug|Win32
		{3769963E-F551-4E01-A58D-42C459300F98}.Debug|x86.Build.0 = Debug|Win32
		{3769963E-F551-4E01-A58D-42C459300F98}.Release|x64.ActiveCfg = Release|x64
		{3769963E-F551-4E01-A58D-42C459300F98}.Release|x64.Build.0 = Release|x64
		{3769963E-F551-4E01-A58D-42C459300F98}.Release|x86.ActiveCfg = Release|Win32
		{3769963E-F551-4E01-A58D-42C459300F98}.Release|x86.Build.0 = Release|Win32
		{A15BB6EF-DDE4-4592-A74B-B7047E94D488}.Debug|x64.ActiveCfg = Debug|x64
		{A15BB6EF-DDE4-4592-A74B-B7047E94D488}.Debug|x64.Build.0 = Debug|x64
		{A15BB6EF-DDE4-4592-A74B-B7047E94D488}.Debug|x86.ActiveCfg = Debug|Win32
		{A15BB6EF-DDE4-4592-A74B-B7047E94D488}.Debug|x86.Build.0 = Debug|Win32
		{A15BB6EF-DDE4-4592-A74B-B7047E94D488}.Release|x64.ActiveCfg = Release|x64
		{A15BB6EF-DDE4-4592-A74B-B7047E94D488}.Release|x64.Build.0 = Release|x64
		{A15BB6EF-DDE4-4592-A74B-B7047E94D488}.Release|x86.ActiveCfg = Release|Win32
		{A15BB6EF-DDE4-4592-A74B-B7047E94D488}.Release|x86.Build.0 = Release|Win32
	EndGlobalSection
	GlobalSection(SolutionProperties) = preSolution
		HideSolutionNode = FALSE
	EndGlobalSection
	GlobalSection(ExtensibilityGlobals) = postSolution
		SolutionGuid = {A4F8015D-E258-4F8B-B197-D4D0B8029EF8}
	EndGlobalSection
EndGlobal
